
Microsoft Visual Studio Solution File, Format Version 12.00
# Visual Studio Version 16
VisualStudioVersion = 16.0.29411.108
MinimumVisualStudioVersion = 10.0.40219.1
Project("{FAE04EC0-301F-11D3-BF4B-00C04F79EFBC}") = "SpeechUWP", "SpeechUWP.csproj", "{66A1C876-E36B-4EE2-B47D-BCAA842F7D2E}"
EndProject
Global
	GlobalSection(SolutionConfigurationPlatforms) = preSolution
		Debug|ARM = Debug|ARM
		Debug|ARM64 = Debug|ARM64
		Debug|x64 = Debug|x64
		Debug|x86 = Debug|x86
		Release|ARM = Release|ARM
		Release|ARM64 = Release|ARM64
		Release|x64 = Release|x64
		Release|x86 = Release|x86
	EndGlobalSection
	GlobalSection(ProjectConfigurationPlatforms) = postSolution
		{66A1C876-E36B-4EE2-B47D-BCAA842F7D2E}.Debug|ARM.ActiveCfg = Debug|ARM
		{66A1C876-E36B-4EE2-B47D-BCAA842F7D2E}.Debug|ARM.Build.0 = Debug|ARM
		{66A1C876-E36B-4EE2-B47D-BCAA842F7D2E}.Debug|ARM.Deploy.0 = Debug|ARM
		{66A1C876-E36B-4EE2-B47D-BCAA842F7D2E}.Debug|ARM64.ActiveCfg = Debug|ARM64
		{66A1C876-E36B-4EE2-B47D-BCAA842F7D2E}.Debug|ARM64.Build.0 = Debug|ARM64
		{66A1C876-E36B-4EE2-B47D-BCAA842F7D2E}.Debug|ARM64.Deploy.0 = Debug|ARM64
		{66A1C876-E36B-4EE2-B47D-BCAA842F7D2E}.Debug|x64.ActiveCfg = Debug|x64
		{66A1C876-E36B-4EE2-B47D-BCAA842F7D2E}.Debug|x64.Build.0 = Debug|x64
		{66A1C876-E36B-4EE2-B47D-BCAA842F7D2E}.Debug|x64.Deploy.0 = Debug|x64
		{66A1C876-E36B-4EE2-B47D-BCAA842F7D2E}.Debug|x86.ActiveCfg = Debug|x86
		{66A1C876-E36B-4EE2-B47D-BCAA842F7D2E}.Debug|x86.Build.0 = Debug|x86
		{66A1C876-E36B-4EE2-B47D-BCAA842F7D2E}.Debug|x86.Deploy.0 = Debug|x86
		{66A1C876-E36B-4EE2-B47D-BCAA842F7D2E}.Release|ARM.ActiveCfg = Release|ARM
		{66A1C876-E36B-4EE2-B47D-BCAA842F7D2E}.Release|ARM.Build.0 = Release|ARM
		{66A1C876-E36B-4EE2-B47D-BCAA842F7D2E}.Release|ARM.Deploy.0 = Release|ARM
		{66A1C876-E36B-4EE2-B47D-BCAA842F7D2E}.Release|ARM64.ActiveCfg = Release|ARM64
		{66A1C876-E36B-4EE2-B47D-BCAA842F7D2E}.Release|ARM64.Build.0 = Release|ARM64
		{66A1C876-E36B-4EE2-B47D-BCAA842F7D2E}.Release|ARM64.Deploy.0 = Release|ARM64
		{66A1C876-E36B-4EE2-B47D-BCAA842F7D2E}.Release|x64.ActiveCfg = Release|x64
		{66A1C876-E36B-4EE2-B47D-BCAA842F7D2E}.Release|x64.Build.0 = Release|x64
		{66A1C876-E36B-4EE2-B47D-BCAA842F7D2E}.Release|x64.Deploy.0 = Release|x64
		{66A1C876-E36B-4EE2-B47D-BCAA842F7D2E}.Release|x86.ActiveCfg = Release|x86
		{66A1C876-E36B-4EE2-B47D-BCAA842F7D2E}.Release|x86.Build.0 = Release|x86
		{66A1C876-E36B-4EE2-B47D-BCAA842F7D2E}.Release|x86.Deploy.0 = Release|x86
	EndGlobalSection
	GlobalSection(SolutionProperties) = preSolution
		HideSolutionNode = FALSE
	EndGlobalSection
	GlobalSection(ExtensibilityGlobals) = postSolution
		SolutionGuid = {A7F612E0-C0D9-4AEA-AA79-20E25F3A2D2B}
	EndGlobalSection
EndGlobal
